
Microsoft Visual Studio Solution File, Format Version 12.00
# Visual Studio Version 17
VisualStudioVersion = 17.4.33403.182
MinimumVisualStudioVersion = 10.0.40219.1
Project("{9A19103F-16F7-4668-BE54-9A1E7A4F7556}") = "ClinicWpf", "ClinicWpf\ClinicWpf.csproj", "{DDED38CA-CF2F-459B-97B6-EE3D304C694C}"
EndProject
Project("{9A19103F-16F7-4668-BE54-9A1E7A4F7556}") = "ClinicDatabaseModel", "ClinicDatabaseModel\ClinicDatabaseModel.csproj", "{C5920D8F-2DD8-464B-B14D-B392932E5BA2}"
EndProject
Global
	GlobalSection(SolutionConfigurationPlatforms) = preSolution
		Debug|Any CPU = Debug|Any CPU
		Release|Any CPU = Release|Any CPU
	EndGlobalSection
	GlobalSection(ProjectConfigurationPlatforms) = postSolution
		{DDED38CA-CF2F-459B-97B6-EE3D304C694C}.Debug|Any CPU.ActiveCfg = Debug|Any CPU
		{DDED38CA-CF2F-459B-97B6-EE3D304C694C}.Debug|Any CPU.Build.0 = Debug|Any CPU
		{DDED38CA-CF2F-459B-97B6-EE3D304C694C}.Release|Any CPU.ActiveCfg = Release|Any CPU
		{DDED38CA-CF2F-459B-97B6-EE3D304C694C}.Release|Any CPU.Build.0 = Release|Any CPU
		{C5920D8F-2DD8-464B-B14D-B392932E5BA2}.Debug|Any CPU.ActiveCfg = Debug|Any CPU
		{C5920D8F-2DD8-464B-B14D-B392932E5BA2}.Debug|Any CPU.Build.0 = Debug|Any CPU
		{C5920D8F-2DD8-464B-B14D-B392932E5BA2}.Release|Any CPU.ActiveCfg = Release|Any CPU
		{C5920D8F-2DD8-464B-B14D-B392932E5BA2}.Release|Any CPU.Build.0 = Release|Any CPU
	EndGlobalSection
	GlobalSection(SolutionProperties) = preSolution
		HideSolutionNode = FALSE
	EndGlobalSection
	GlobalSection(ExtensibilityGlobals) = postSolution
		SolutionGuid = {61EDEC08-EC88-434E-A6F4-DA181F0F5919}
	EndGlobalSection
EndGlobal
